
Microsoft Visual Studio Solution File, Format Version 12.00
# Visual Studio 2012
Project("{FAE04EC0-301F-11D3-BF4B-00C04F79EFBC}") = "MazeTest", "MazeTest\MazeTest.csproj", "{6334B587-7738-4AC9-8F8D-76ED4B4ABBB4}"
EndProject
Project("{FAE04EC0-301F-11D3-BF4B-00C04F79EFBC}") = "HeroesAndMonstersDP", "DesignPatterns - DC Design\HeroesAndMonstersDP.csproj", "{609E450E-B013-46CF-98C6-DEBAD7B648A8}"
EndProject
Global
	GlobalSection(SolutionConfigurationPlatforms) = preSolution
		Debug|Any CPU = Debug|Any CPU
		Release|Any CPU = Release|Any CPU
	EndGlobalSection
	GlobalSection(ProjectConfigurationPlatforms) = postSolution
		{6334B587-7738-4AC9-8F8D-76ED4B4ABBB4}.Debug|Any CPU.ActiveCfg = Debug|Any CPU
		{6334B587-7738-4AC9-8F8D-76ED4B4ABBB4}.Debug|Any CPU.Build.0 = Debug|Any CPU
		{6334B587-7738-4AC9-8F8D-76ED4B4ABBB4}.Release|Any CPU.ActiveCfg = Release|Any CPU
		{6334B587-7738-4AC9-8F8D-76ED4B4ABBB4}.Release|Any CPU.Build.0 = Release|Any CPU
		{609E450E-B013-46CF-98C6-DEBAD7B648A8}.Debug|Any CPU.ActiveCfg = Debug|Any CPU
		{609E450E-B013-46CF-98C6-DEBAD7B648A8}.Debug|Any CPU.Build.0 = Debug|Any CPU
		{609E450E-B013-46CF-98C6-DEBAD7B648A8}.Release|Any CPU.ActiveCfg = Release|Any CPU
		{609E450E-B013-46CF-98C6-DEBAD7B648A8}.Release|Any CPU.Build.0 = Release|Any CPU
	EndGlobalSection
	GlobalSection(SolutionProperties) = preSolution
		HideSolutionNode = FALSE
	EndGlobalSection
EndGlobal
